{
  "name": "esc-file-replace-substring-between-comments",
  "version": "0.1.3",
  "lockfileVersion": 3,
  "requires": true,
  "packages": {
    "": {
      "name": "esc-file-replace-substring-between-comments",
      "version": "0.1.3",
      "license": "MIT",
      "dependencies": {
        "esc-file-replace-substring": "^0.2.2"
      }
    },
    "node_modules/esc-colors": {
      "version": "0.1.2",
      "resolved": "https://registry.npmjs.org/esc-colors/-/esc-colors-0.1.2.tgz",
      "integrity": "sha512-L2L3F+U5Hnci8/S73e90wUxf6WRyPTXpRd+qiYDmP7UFNXdaxkSHmw6w+G5oF4zS3uMyT4te1N0YvglQglZwUA=="
    },
    "node_modules/esc-file-replace-substring": {
      "version": "0.2.2",
      "resolved": "https://registry.npmjs.org/esc-file-replace-substring/-/esc-file-replace-substring-0.2.2.tgz",
      "integrity": "sha512-v/RKA1jBxMlrong36fuwEhofyKAePXMMN3NpC/saLl7ZYEOIcOGCeQzDFCIS31IqDOSv7EqXjVBCtyB3CMybPA==",
      "dependencies": {
        "esc-colors": "^0.1.2"
      }
    }
  }
}
