{
  "name": "esc-file-replace-substring-between-comments",
  "version": "0.1.3",
  "lockfileVersion": 3,
  "requires": true,
  "packages": {
    "": {
      "name": "esc-file-replace-substring-between-comments",
      "version": "0.1.3",
      "license": "MIT",
      "dependencies": {
        "esc-file-replace-substring": "^0.2.3"
      }
    },
    "node_modules/esc-colors": {
      "version": "0.1.5",
      "resolved": "https://registry.npmjs.org/esc-colors/-/esc-colors-0.1.5.tgz",
      "integrity": "sha512-Ue0/WIPlXXbEg9EBYmMxMhPh15nhRLz7VrU9pUuIvYdLrEh4CGnEOMT68UA+og5mdmfqf6o5bpPYtUxbCgm/Sg=="
    },
    "node_modules/esc-file-replace-substring": {
      "version": "0.2.3",
      "resolved": "https://registry.npmjs.org/esc-file-replace-substring/-/esc-file-replace-substring-0.2.3.tgz",
      "integrity": "sha512-Fadi0kZNitlw4uZLqRB0JQXvrTrHiCBt8nCFmNMtNhsiwRnbfYieuv0k41KMt4CfXene8hofYtHBoxezsEli3g==",
      "dependencies": {
        "esc-colors": "^0.1.5"
      }
    }
  }
}
