{
  "name": "esc-file-replace-substring-between-comments",
  "version": "0.1.4",
  "lockfileVersion": 3,
  "requires": true,
  "packages": {
    "": {
      "name": "esc-file-replace-substring-between-comments",
      "version": "0.1.4",
      "license": "MIT",
      "dependencies": {
        "esc-file-replace-substring": "^0.2.4"
      }
    },
    "node_modules/esc-colors": {
      "version": "0.1.5",
      "resolved": "https://registry.npmjs.org/esc-colors/-/esc-colors-0.1.5.tgz",
      "integrity": "sha512-Ue0/WIPlXXbEg9EBYmMxMhPh15nhRLz7VrU9pUuIvYdLrEh4CGnEOMT68UA+og5mdmfqf6o5bpPYtUxbCgm/Sg==",
      "license": "MIT"
    },
    "node_modules/esc-file-replace-substring": {
      "version": "0.2.4",
      "resolved": "https://registry.npmjs.org/esc-file-replace-substring/-/esc-file-replace-substring-0.2.4.tgz",
      "integrity": "sha512-H3ZB22qkmPxKTHOa0Vl/vl5xbxdtk1h33i70BasKwTLe/nBhXAbMsy/K4QAkN2Y8rl5WXtsRVcUneLCHH7PeGw==",
      "license": "MIT",
      "dependencies": {
        "esc-colors": "^0.1.5"
      }
    }
  }
}
